// !$*UTF8*$!
{
	archiveVersion = 1;
	classes = {
	};
	objectVersion = 46;
	objects = {

/* Begin PBXBuildFile section */
		C8AF1D071C8CEC3F00714620 /* AppDelegate.swift in Sources */ = {isa = PBXBuildFile; fileRef = C8AF1D061C8CEC3F00714620 /* AppDelegate.swift */; };
		C8AF1D091C8CEC3F00714620 /* ViewController.swift in Sources */ = {isa = PBXBuildFile; fileRef = C8AF1D081C8CEC3F00714620 /* ViewController.swift */; };
		C8AF1D0C1C8CEC3F00714620 /* Main.storyboard in Resources */ = {isa = PBXBuildFile; fileRef = C8AF1D0A1C8CEC3F00714620 /* Main.storyboard */; };
		C8AF1D0F1C8CEC3F00714620 /* Wheater_App.xcdatamodeld in Sources */ = {isa = PBXBuildFile; fileRef = C8AF1D0D1C8CEC3F00714620 /* Wheater_App.xcdatamodeld */; };
		C8AF1D111C8CEC3F00714620 /* Assets.xcassets in Resources */ = {isa = PBXBuildFile; fileRef = C8AF1D101C8CEC3F00714620 /* Assets.xcassets */; };
		C8AF1D141C8CEC3F00714620 /* LaunchScreen.storyboard in Resources */ = {isa = PBXBuildFile; fileRef = C8AF1D121C8CEC3F00714620 /* LaunchScreen.storyboard */; };
		C8AF1D1F1C8CEC3F00714620 /* Wheater_AppTests.swift in Sources */ = {isa = PBXBuildFile; fileRef = C8AF1D1E1C8CEC3F00714620 /* Wheater_AppTests.swift */; };
		C8AF1D2A1C8CEC3F00714620 /* Wheater_AppUITests.swift in Sources */ = {isa = PBXBuildFile; fileRef = C8AF1D291C8CEC3F00714620 /* Wheater_AppUITests.swift */; };
/* End PBXBuildFile section */

/* Begin PBXContainerItemProxy section */
		C8AF1D1B1C8CEC3F00714620 /* PBXContainerItemProxy */ = {
			isa = PBXContainerItemProxy;
			containerPortal = C8AF1CFB1C8CEC3F00714620 /* Project object */;
			proxyType = 1;
			remoteGlobalIDString = C8AF1D021C8CEC3F00714620;
			remoteInfo = "Wheater-App";
		};
		C8AF1D261C8CEC3F00714620 /* PBXContainerItemProxy */ = {
			isa = PBXContainerItemProxy;
			containerPortal = C8AF1CFB1C8CEC3F00714620 /* Project object */;
			proxyType = 1;
			remoteGlobalIDString = C8AF1D021C8CEC3F00714620;
			remoteInfo = "Wheater-App";
		};
/* End PBXContainerItemProxy section */

/* Begin PBXFileReference section */
		C8AF1D031C8CEC3F00714620 /* Wheater-App.app */ = {isa = PBXFileReference; explicitFileType = wrapper.application; includeInIndex = 0; path = "Wheater-App.app"; sourceTree = BUILT_PRODUCTS_DIR; };
		C8AF1D061C8CEC3F00714620 /* AppDelegate.swift */ = {isa = PBXFileReference; lastKnownFileType = sourcecode.swift; path = AppDelegate.swift; sourceTree = "<group>"; };
		C8AF1D081C8CEC3F00714620 /* ViewController.swift */ = {isa = PBXFileReference; lastKnownFileType = sourcecode.swift; path = ViewController.swift; sourceTree = "<group>"; };
		C8AF1D0B1C8CEC3F00714620 /* Base */ = {isa = PBXFileReference; lastKnownFileType = file.storyboard; name = Base; path = Base.lproj/Main.storyboard; sourceTree = "<group>"; };
		C8AF1D0E1C8CEC3F00714620 /* Wheater_App.xcdatamodel */ = {isa = PBXFileReference; lastKnownFileType = wrapper.xcdatamodel; path = Wheater_App.xcdatamodel; sourceTree = "<group>"; };
		C8AF1D101C8CEC3F00714620 /* Assets.xcassets */ = {isa = PBXFileReference; lastKnownFileType = folder.assetcatalog; path = Assets.xcassets; sourceTree = "<group>"; };
		C8AF1D131C8CEC3F00714620 /* Base */ = {isa = PBXFileReference; lastKnownFileType = file.storyboard; name = Base; path = Base.lproj/LaunchScreen.storyboard; sourceTree = "<group>"; };
		C8AF1D151C8CEC3F00714620 /* Info.plist */ = {isa = PBXFileReference; lastKnownFileType = text.plist.xml; path = Info.plist; sourceTree = "<group>"; };
		C8AF1D1A1C8CEC3F00714620 /* Wheater-AppTests.xctest */ = {isa = PBXFileReference; explicitFileType = wrapper.cfbundle; includeInIndex = 0; path = "Wheater-AppTests.xctest"; sourceTree = BUILT_PRODUCTS_DIR; };
		C8AF1D1E1C8CEC3F00714620 /* Wheater_AppTests.swift */ = {isa = PBXFileReference; lastKnownFileType = sourcecode.swift; path = Wheater_AppTests.swift; sourceTree = "<group>"; };
		C8AF1D201C8CEC3F00714620 /* Info.plist */ = {isa = PBXFileReference; lastKnownFileType = text.plist.xml; path = Info.plist; sourceTree = "<group>"; };
		C8AF1D251C8CEC3F00714620 /* Wheater-AppUITests.xctest */ = {isa = PBXFileReference; explicitFileType = wrapper.cfbundle; includeInIndex = 0; path = "Wheater-AppUITests.xctest"; sourceTree = BUILT_PRODUCTS_DIR; };
		C8AF1D291C8CEC3F00714620 /* Wheater_AppUITests.swift */ = {isa = PBXFileReference; lastKnownFileType = sourcecode.swift; path = Wheater_AppUITests.swift; sourceTree = "<group>"; };
		C8AF1D2B1C8CEC3F00714620 /* Info.plist */ = {isa = PBXFileReference; lastKnownFileType = text.plist.xml; path = Info.plist; sourceTree = "<group>"; };
/* End PBXFileReference section */

/* Begin PBXFrameworksBuildPhase section */
		C8AF1D001C8CEC3F00714620 /* Frameworks */ = {
			isa = PBXFrameworksBuildPhase;
			buildActionMask = 2147483647;
			files = (
			);
			runOnlyForDeploymentPostprocessing = 0;
		};
		C8AF1D171C8CEC3F00714620 /* Frameworks */ = {
			isa = PBXFrameworksBuildPhase;
			buildActionMask = 2147483647;
			files = (
			);
			runOnlyForDeploymentPostprocessing = 0;
		};
		C8AF1D221C8CEC3F00714620 /* Frameworks */ = {
			isa = PBXFrameworksBuildPhase;
			buildActionMask = 2147483647;
			files = (
			);
			runOnlyForDeploymentPostprocessing = 0;
		};
/* End PBXFrameworksBuildPhase section */

/* Begin PBXGroup section */
		C8AF1CFA1C8CEC3F00714620 = {
			isa = PBXGroup;
			children = (
				C8AF1D051C8CEC3F00714620 /* Wheater-App */,
				C8AF1D1D1C8CEC3F00714620 /* Wheater-AppTests */,
				C8AF1D281C8CEC3F00714620 /* Wheater-AppUITests */,
				C8AF1D041C8CEC3F00714620 /* Products */,
			);
			sourceTree = "<group>";
		};
		C8AF1D041C8CEC3F00714620 /* Products */ = {
			isa = PBXGroup;
			children = (
				C8AF1D031C8CEC3F00714620 /* Wheater-App.app */,
				C8AF1D1A1C8CEC3F00714620 /* Wheater-AppTests.xctest */,
				C8AF1D251C8CEC3F00714620 /* Wheater-AppUITests.xctest */,
			);
			name = Products;
			sourceTree = "<group>";
		};
		C8AF1D051C8CEC3F00714620 /* Wheater-App */ = {
			isa = PBXGroup;
			children = (
				C8AF1D061C8CEC3F00714620 /* AppDelegate.swift */,
				C8AF1D081C8CEC3F00714620 /* ViewController.swift */,
				C8AF1D0A1C8CEC3F00714620 /* Main.storyboard */,
				C8AF1D101C8CEC3F00714620 /* Assets.xcassets */,
				C8AF1D121C8CEC3F00714620 /* LaunchScreen.storyboard */,
				C8AF1D151C8CEC3F00714620 /* Info.plist */,
				C8AF1D0D1C8CEC3F00714620 /* Wheater_App.xcdatamodeld */,
			);
			path = "Wheater-App";
			sourceTree = "<group>";
		};
		C8AF1D1D1C8CEC3F00714620 /* Wheater-AppTests */ = {
			isa = PBXGroup;
			children = (
				C8AF1D1E1C8CEC3F00714620 /* Wheater_AppTests.swift */,
				C8AF1D201C8CEC3F00714620 /* Info.plist */,
			);
			path = "Wheater-AppTests";
			sourceTree = "<group>";
		};
		C8AF1D281C8CEC3F00714620 /* Wheater-AppUITests */ = {
			isa = PBXGroup;
			children = (
				C8AF1D291C8CEC3F00714620 /* Wheater_AppUITests.swift */,
				C8AF1D2B1C8CEC3F00714620 /* Info.plist */,
			);
			path = "Wheater-AppUITests";
			sourceTree = "<group>";
		};
/* End PBXGroup section */

/* Begin PBXNativeTarget section */
		C8AF1D021C8CEC3F00714620 /* Wheater-App */ = {
			isa = PBXNativeTarget;
			buildConfigurationList = C8AF1D2E1C8CEC3F00714620 /* Build configuration list for PBXNativeTarget "Wheater-App" */;
			buildPhases = (
				C8AF1CFF1C8CEC3F00714620 /* Sources */,
				C8AF1D001C8CEC3F00714620 /* Frameworks */,
				C8AF1D011C8CEC3F00714620 /* Resources */,
			);
			buildRules = (
			);
			dependencies = (
			);
			name = "Wheater-App";
			productName = "Wheater-App";
			productReference = C8AF1D031C8CEC3F00714620 /* Wheater-App.app */;
			productType = "com.apple.product-type.application";
		};
		C8AF1D191C8CEC3F00714620 /* Wheater-AppTests */ = {
			isa = PBXNativeTarget;
			buildConfigurationList = C8AF1D311C8CEC3F00714620 /* Build configuration list for PBXNativeTarget "Wheater-AppTests" */;
			buildPhases = (
				C8AF1D161C8CEC3F00714620 /* Sources */,
				C8AF1D171C8CEC3F00714620 /* Frameworks */,
				C8AF1D181C8CEC3F00714620 /* Resources */,
			);
			buildRules = (
			);
			dependencies = (
				C8AF1D1C1C8CEC3F00714620 /* PBXTargetDependency */,
			);
			name = "Wheater-AppTests";
			productName = "Wheater-AppTests";
			productReference = C8AF1D1A1C8CEC3F00714620 /* Wheater-AppTests.xctest */;
			productType = "com.apple.product-type.bundle.unit-test";
		};
		C8AF1D241C8CEC3F00714620 /* Wheater-AppUITests */ = {
			isa = PBXNativeTarget;
			buildConfigurationList = C8AF1D341C8CEC3F00714620 /* Build configuration list for PBXNativeTarget "Wheater-AppUITests" */;
			buildPhases = (
				C8AF1D211C8CEC3F00714620 /* Sources */,
				C8AF1D221C8CEC3F00714620 /* Frameworks */,
				C8AF1D231C8CEC3F00714620 /* Resources */,
			);
			buildRules = (
			);
			dependencies = (
				C8AF1D271C8CEC3F00714620 /* PBXTargetDependency */,
			);
			name = "Wheater-AppUITests";
			productName = "Wheater-AppUITests";
			productReference = C8AF1D251C8CEC3F00714620 /* Wheater-AppUITests.xctest */;
			productType = "com.apple.product-type.bundle.ui-testing";
		};
/* End PBXNativeTarget section */

/* Begin PBXProject section */
		C8AF1CFB1C8CEC3F00714620 /* Project object */ = {
			isa = PBXProject;
			attributes = {
				LastSwiftUpdateCheck = 0720;
				LastUpgradeCheck = 0720;
				ORGANIZATIONNAME = "Lotte Ravn";
				TargetAttributes = {
					C8AF1D021C8CEC3F00714620 = {
						CreatedOnToolsVersion = 7.2.1;
					};
					C8AF1D191C8CEC3F00714620 = {
						CreatedOnToolsVersion = 7.2.1;
						TestTargetID = C8AF1D021C8CEC3F00714620;
					};
					C8AF1D241C8CEC3F00714620 = {
						CreatedOnToolsVersion = 7.2.1;
						TestTargetID = C8AF1D021C8CEC3F00714620;
					};
				};
			};
			buildConfigurationList = C8AF1CFE1C8CEC3F00714620 /* Build configuration list for PBXProject "Wheater-App" */;
			compatibilityVersion = "Xcode 3.2";
			developmentRegion = English;
			hasScannedForEncodings = 0;
			knownRegions = (
				en,
				Base,
			);
			mainGroup = C8AF1CFA1C8CEC3F00714620;
			productRefGroup = C8AF1D041C8CEC3F00714620 /* Products */;
			projectDirPath = "";
			projectRoot = "";
			targets = (
				C8AF1D021C8CEC3F00714620 /* Wheater-App */,
				C8AF1D191C8CEC3F00714620 /* Wheater-AppTests */,
				C8AF1D241C8CEC3F00714620 /* Wheater-AppUITests */,
			);
		};
/* End PBXProject section */

/* Begin PBXResourcesBuildPhase section */
		C8AF1D011C8CEC3F00714620 /* Resources */ = {
			isa = PBXResourcesBuildPhase;
			buildActionMask = 2147483647;
			files = (
				C8AF1D141C8CEC3F00714620 /* LaunchScreen.storyboard in Resources */,
				C8AF1D111C8CEC3F00714620 /* Assets.xcassets in Resources */,
				C8AF1D0C1C8CEC3F00714620 /* Main.storyboard in Resources */,
			);
			runOnlyForDeploymentPostprocessing = 0;
		};
		C8AF1D181C8CEC3F00714620 /* Resources */ = {
			isa = PBXResourcesBuildPhase;
			buildActionMask = 2147483647;
			files = (
			);
			runOnlyForDeploymentPostprocessing = 0;
		};
		C8AF1D231C8CEC3F00714620 /* Resources */ = {
			isa = PBXResourcesBuildPhase;
			buildActionMask = 2147483647;
			files = (
			);
			runOnlyForDeploymentPostprocessing = 0;
		};
/* End PBXResourcesBuildPhase section */

/* Begin PBXSourcesBuildPhase section */
		C8AF1CFF1C8CEC3F00714620 /* Sources */ = {
			isa = PBXSourcesBuildPhase;
			buildActionMask = 2147483647;
			files = (
				C8AF1D0F1C8CEC3F00714620 /* Wheater_App.xcdatamodeld in Sources */,
				C8AF1D091C8CEC3F00714620 /* ViewController.swift in Sources */,
				C8AF1D071C8CEC3F00714620 /* AppDelegate.swift in Sources */,
			);
			runOnlyForDeploymentPostprocessing = 0;
		};
		C8AF1D161C8CEC3F00714620 /* Sources */ = {
			isa = PBXSourcesBuildPhase;
			buildActionMask = 2147483647;
			files = (
				C8AF1D1F1C8CEC3F00714620 /* Wheater_AppTests.swift in Sources */,
			);
			runOnlyForDeploymentPostprocessing = 0;
		};
		C8AF1D211C8CEC3F00714620 /* Sources */ = {
			isa = PBXSourcesBuildPhase;
			buildActionMask = 2147483647;
			files = (
				C8AF1D2A1C8CEC3F00714620 /* Wheater_AppUITests.swift in Sources */,
			);
			runOnlyForDeploymentPostprocessing = 0;
		};
/* End PBXSourcesBuildPhase section */

/* Begin PBXTargetDependency section */
		C8AF1D1C1C8CEC3F00714620 /* PBXTargetDependency */ = {
			isa = PBXTargetDependency;
			target = C8AF1D021C8CEC3F00714620 /* Wheater-App */;
			targetProxy = C8AF1D1B1C8CEC3F00714620 /* PBXContainerItemProxy */;
		};
		C8AF1D271C8CEC3F00714620 /* PBXTargetDependency */ = {
			isa = PBXTargetDependency;
			target = C8AF1D021C8CEC3F00714620 /* Wheater-App */;
			targetProxy = C8AF1D261C8CEC3F00714620 /* PBXContainerItemProxy */;
		};
/* End PBXTargetDependency section */

/* Begin PBXVariantGroup section */
		C8AF1D0A1C8CEC3F00714620 /* Main.storyboard */ = {
			isa = PBXVariantGroup;
			children = (
				C8AF1D0B1C8CEC3F00714620 /* Base */,
			);
			name = Main.storyboard;
			sourceTree = "<group>";
		};
		C8AF1D121C8CEC3F00714620 /* LaunchScreen.storyboard */ = {
			isa = PBXVariantGroup;
			children = (
				C8AF1D131C8CEC3F00714620 /* Base */,
			);
			name = LaunchScreen.storyboard;
			sourceTree = "<group>";
		};
/* End PBXVariantGroup section */

/* Begin XCBuildConfiguration section */
		C8AF1D2C1C8CEC3F00714620 /* Debug */ = {
			isa = XCBuildConfiguration;
			buildSettings = {
				ALWAYS_SEARCH_USER_PATHS = NO;
				CLANG_CXX_LANGUAGE_STANDARD = "gnu++0x";
				CLANG_CXX_LIBRARY = "libc++";
				CLANG_ENABLE_MODULES = YES;
				CLANG_ENABLE_OBJC_ARC = YES;
				CLANG_WARN_BOOL_CONVERSION = YES;
				CLANG_WARN_CONSTANT_CONVERSION = YES;
				CLANG_WARN_DIRECT_OBJC_ISA_USAGE = YES_ERROR;
				CLANG_WARN_EMPTY_BODY = YES;
				CLANG_WARN_ENUM_CONVERSION = YES;
				CLANG_WARN_INT_CONVERSION = YES;
				CLANG_WARN_OBJC_ROOT_CLASS = YES_ERROR;
				CLANG_WARN_UNREACHABLE_CODE = YES;
				CLANG_WARN__DUPLICATE_METHOD_MATCH = YES;
				"CODE_SIGN_IDENTITY[sdk=iphoneos*]" = "iPhone Developer";
				COPY_PHASE_STRIP = NO;
				DEBUG_INFORMATION_FORMAT = dwarf;
				ENABLE_STRICT_OBJC_MSGSEND = YES;
				ENABLE_TESTABILITY = YES;
				GCC_C_LANGUAGE_STANDARD = gnu99;
				GCC_DYNAMIC_NO_PIC = NO;
				GCC_NO_COMMON_BLOCKS = YES;
				GCC_OPTIMIZATION_LEVEL = 0;
				GCC_PREPROCESSOR_DEFINITIONS = (
					"DEBUG=1",
					"$(inherited)",
				);
				GCC_WARN_64_TO_32_BIT_CONVERSION = YES;
				GCC_WARN_ABOUT_RETURN_TYPE = YES_ERROR;
				GCC_WARN_UNDECLARED_SELECTOR = YES;
				GCC_WARN_UNINITIALIZED_AUTOS = YES_AGGRESSIVE;
				GCC_WARN_UNUSED_FUNCTION = YES;
				GCC_WARN_UNUSED_VARIABLE = YES;
				IPHONEOS_DEPLOYMENT_TARGET = 9.2;
				MTL_ENABLE_DEBUG_INFO = YES;
				ONLY_ACTIVE_ARCH = YES;
				SDKROOT = iphoneos;
				SWIFT_OPTIMIZATION_LEVEL = "-Onone";
			};
			name = Debug;
		};
		C8AF1D2D1C8CEC3F00714620 /* Release */ = {
			isa = XCBuildConfiguration;
			buildSettings = {
				ALWAYS_SEARCH_USER_PATHS = NO;
				CLANG_CXX_LANGUAGE_STANDARD = "gnu++0x";
				CLANG_CXX_LIBRARY = "libc++";
				CLANG_ENABLE_MODULES = YES;
				CLANG_ENABLE_OBJC_ARC = YES;
				CLANG_WARN_BOOL_CONVERSION = YES;
				CLANG_WARN_CONSTANT_CONVERSION = YES;
				CLANG_WARN_DIRECT_OBJC_ISA_USAGE = YES_ERROR;
				CLANG_WARN_EMPTY_BODY = YES;
				CLANG_WARN_ENUM_CONVERSION = YES;
				CLANG_WARN_INT_CONVERSION = YES;
				CLANG_WARN_OBJC_ROOT_CLASS = YES_ERROR;
				CLANG_WARN_UNREACHABLE_CODE = YES;
				CLANG_WARN__DUPLICATE_METHOD_MATCH = YES;
				"CODE_SIGN_IDENTITY[sdk=iphoneos*]" = "iPhone Developer";
				COPY_PHASE_STRIP = NO;
				DEBUG_INFORMATION_FORMAT = "dwarf-with-dsym";
				ENABLE_NS_ASSERTIONS = NO;
				ENABLE_STRICT_OBJC_MSGSEND = YES;
				GCC_C_LANGUAGE_STANDARD = gnu99;
				GCC_NO_COMMON_BLOCKS = YES;
				GCC_WARN_64_TO_32_BIT_CONVERSION = YES;
				GCC_WARN_ABOUT_RETURN_TYPE = YES_ERROR;
				GCC_WARN_UNDECLARED_SELECTOR = YES;
				GCC_WARN_UNINITIALIZED_AUTOS = YES_AGGRESSIVE;
				GCC_WARN_UNUSED_FUNCTION = YES;
				GCC_WARN_UNUSED_VARIABLE = YES;
				IPHONEOS_DEPLOYMENT_TARGET = 9.2;
				MTL_ENABLE_DEBUG_INFO = NO;
				SDKROOT = iphoneos;
				VALIDATE_PRODUCT = YES;
			};
			name = Release;
		};
		C8AF1D2F1C8CEC3F00714620 /* Debug */ = {
			isa = XCBuildConfiguration;
			buildSettings = {
				ASSETCATALOG_COMPILER_APPICON_NAME = AppIcon;
				INFOPLIST_FILE = "Wheater-App/Info.plist";
				LD_RUNPATH_SEARCH_PATHS = "$(inherited) @executable_path/Frameworks";
				PRODUCT_BUNDLE_IDENTIFIER = "dk.lotteravn.Wheater-App";
				PRODUCT_NAME = "$(TARGET_NAME)";
			};
			name = Debug;
		};
		C8AF1D301C8CEC3F00714620 /* Release */ = {
			isa = XCBuildConfiguration;
			buildSettings = {
				ASSETCATALOG_COMPILER_APPICON_NAME = AppIcon;
				INFOPLIST_FILE = "Wheater-App/Info.plist";
				LD_RUNPATH_SEARCH_PATHS = "$(inherited) @executable_path/Frameworks";
				PRODUCT_BUNDLE_IDENTIFIER = "dk.lotteravn.Wheater-App";
				PRODUCT_NAME = "$(TARGET_NAME)";
			};
			name = Release;
		};
		C8AF1D321C8CEC3F00714620 /* Debug */ = {
			isa = XCBuildConfiguration;
			buildSettings = {
				BUNDLE_LOADER = "$(TEST_HOST)";
				INFOPLIST_FILE = "Wheater-AppTests/Info.plist";
				LD_RUNPATH_SEARCH_PATHS = "$(inherited) @executable_path/Frameworks @loader_path/Frameworks";
				PRODUCT_BUNDLE_IDENTIFIER = "dk.lotteravn.Wheater-AppTests";
				PRODUCT_NAME = "$(TARGET_NAME)";
				TEST_HOST = "$(BUILT_PRODUCTS_DIR)/Wheater-App.app/Wheater-App";
			};
			name = Debug;
		};
		C8AF1D331C8CEC3F00714620 /* Release */ = {
			isa = XCBuildConfiguration;
			buildSettings = {
				BUNDLE_LOADER = "$(TEST_HOST)";
				INFOPLIST_FILE = "Wheater-AppTests/Info.plist";
				LD_RUNPATH_SEARCH_PATHS = "$(inherited) @executable_path/Frameworks @loader_path/Frameworks";
				PRODUCT_BUNDLE_IDENTIFIER = "dk.lotteravn.Wheater-AppTests";
				PRODUCT_NAME = "$(TARGET_NAME)";
				TEST_HOST = "$(BUILT_PRODUCTS_DIR)/Wheater-App.app/Wheater-App";
			};
			name = Release;
		};
		C8AF1D351C8CEC3F00714620 /* Debug */ = {
			isa = XCBuildConfiguration;
			buildSettings = {
				INFOPLIST_FILE = "Wheater-AppUITests/Info.plist";
				LD_RUNPATH_SEARCH_PATHS = "$(inherited) @executable_path/Frameworks @loader_path/Frameworks";
				PRODUCT_BUNDLE_IDENTIFIER = "dk.lotteravn.Wheater-AppUITests";
				PRODUCT_NAME = "$(TARGET_NAME)";
				TEST_TARGET_NAME = "Wheater-App";
				USES_XCTRUNNER = YES;
			};
			name = Debug;
		};
		C8AF1D361C8CEC3F00714620 /* Release */ = {
			isa = XCBuildConfiguration;
			buildSettings = {
				INFOPLIST_FILE = "Wheater-AppUITests/Info.plist";
				LD_RUNPATH_SEARCH_PATHS = "$(inherited) @executable_path/Frameworks @loader_path/Frameworks";
				PRODUCT_BUNDLE_IDENTIFIER = "dk.lotteravn.Wheater-AppUITests";
				PRODUCT_NAME = "$(TARGET_NAME)";
				TEST_TARGET_NAME = "Wheater-App";
				USES_XCTRUNNER = YES;
			};
			name = Release;
		};
/* End XCBuildConfiguration section */

/* Begin XCConfigurationList section */
		C8AF1CFE1C8CEC3F00714620 /* Build configuration list for PBXProject "Wheater-App" */ = {
			isa = XCConfigurationList;
			buildConfigurations = (
				C8AF1D2C1C8CEC3F00714620 /* Debug */,
				C8AF1D2D1C8CEC3F00714620 /* Release */,
			);
			defaultConfigurationIsVisible = 0;
			defaultConfigurationName = Release;
		};
		C8AF1D2E1C8CEC3F00714620 /* Build configuration list for PBXNativeTarget "Wheater-App" */ = {
			isa = XCConfigurationList;
			buildConfigurations = (
				C8AF1D2F1C8CEC3F00714620 /* Debug */,
				C8AF1D301C8CEC3F00714620 /* Release */,
			);
			defaultConfigurationIsVisible = 0;
		};
		C8AF1D311C8CEC3F00714620 /* Build configuration list for PBXNativeTarget "Wheater-AppTests" */ = {
			isa = XCConfigurationList;
			buildConfigurations = (
				C8AF1D321C8CEC3F00714620 /* Debug */,
				C8AF1D331C8CEC3F00714620 /* Release */,
			);
			defaultConfigurationIsVisible = 0;
		};
		C8AF1D341C8CEC3F00714620 /* Build configuration list for PBXNativeTarget "Wheater-AppUITests" */ = {
			isa = XCConfigurationList;
			buildConfigurations = (
				C8AF1D351C8CEC3F00714620 /* Debug */,
				C8AF1D361C8CEC3F00714620 /* Release */,
			);
			defaultConfigurationIsVisible = 0;
		};
/* End XCConfigurationList section */

/* Begin XCVersionGroup section */
		C8AF1D0D1C8CEC3F00714620 /* Wheater_App.xcdatamodeld */ = {
			isa = XCVersionGroup;
			children = (
				C8AF1D0E1C8CEC3F00714620 /* Wheater_App.xcdatamodel */,
			);
			currentVersion = C8AF1D0E1C8CEC3F00714620 /* Wheater_App.xcdatamodel */;
			path = Wheater_App.xcdatamodeld;
			sourceTree = "<group>";
			versionGroupType = wrapper.xcdatamodel;
		};
/* End XCVersionGroup section */
	};
	rootObject = C8AF1CFB1C8CEC3F00714620 /* Project object */;
}
